<?xml version="1.0" encoding="utf-8"?>
<Project ToolsVersion="4.0" xmlns="http://schemas.microsoft.com/developer/msbuild/2003">
  <ItemGroup>
    <Filter Include="ソース ファイル">
      <UniqueIdentifier>{4FC737F1-C7A5-4376-A066-2A32D752A2FF}</UniqueIdentifier>
      <Extensions>cpp;c;cc;cxx;def;odl;idl;hpj;bat;asm;asmx</Extensions>
    </Filter>
    <Filter Include="ヘッダー ファイル">
      <UniqueIdentifier>{93995380-89BD-4b04-88EB-625FBE52EBFB}</UniqueIdentifier>
      <Extensions>h;hh;hpp;hxx;hm;inl;inc;xsd</Extensions>
    </Filter>
    <Filter Include="リソース ファイル">
      <UniqueIdentifier>{67DA6AB6-F800-4c08-8B7A-83BB121AAD01}</UniqueIdentifier>
      <Extensions>rc;ico;cur;bmp;dlg;rc2;rct;bin;rgs;gif;jpg;jpeg;jpe;resx;tiff;tif;png;wav;mfcribbon-ms</Extensions>
    </Filter>
    <Filter Include="ソース ファイル\3D">
      <UniqueIdentifier>{36e095f6-ff92-452b-b331-1bf8c0054b73}</UniqueIdentifier>
    </Filter>
    <Filter Include="ソース ファイル\Core">
      <UniqueIdentifier>{44f9b0db-bf0d-404c-8c10-4364c8f59179}</UniqueIdentifier>
    </Filter>
    <Filter Include="ソース ファイル\Object">
      <UniqueIdentifier>{e7bd3e62-6753-4541-b9a8-a805e171ac8c}</UniqueIdentifier>
    </Filter>
    <Filter Include="ソース ファイル\Physics">
      <UniqueIdentifier>{0f44db6d-1989-47bf-a494-2abda5523003}</UniqueIdentifier>
    </Filter>
    <Filter Include="ソース ファイル\Resource">
      <UniqueIdentifier>{a025b132-beba-4f08-a143-8c0570fab248}</UniqueIdentifier>
    </Filter>
    <Filter Include="ソース ファイル\Transition">
      <UniqueIdentifier>{b1dbe9f3-aa61-4f99-9fb5-f47eb53bf7a0}</UniqueIdentifier>
    </Filter>
    <Filter Include="ソース ファイル\3D\Camera">
      <UniqueIdentifier>{6d8483a7-2854-4b1d-8cd6-14b7a3cfe3ef}</UniqueIdentifier>
    </Filter>
    <Filter Include="ソース ファイル\3D\Light">
      <UniqueIdentifier>{0c8dd768-c787-47a8-a1bd-d739f23a83e7}</UniqueIdentifier>
    </Filter>
    <Filter Include="ソース ファイル\Core\DebugProc">
      <UniqueIdentifier>{bd5f5934-8574-410c-bafa-59129ec7d9e4}</UniqueIdentifier>
    </Filter>
    <Filter Include="ソース ファイル\Core\File">
      <UniqueIdentifier>{d64a29b9-34dc-4b27-a8f6-38ad2b04f4c3}</UniqueIdentifier>
    </Filter>
    <Filter Include="ソース ファイル\Core\Input">
      <UniqueIdentifier>{2ef93498-3f83-498b-a913-959174cf84f0}</UniqueIdentifier>
    </Filter>
    <Filter Include="ソース ファイル\Core\Main">
      <UniqueIdentifier>{850dd622-48c6-4bb2-b38f-1b5918022a21}</UniqueIdentifier>
    </Filter>
    <Filter Include="ソース ファイル\Core\Sound">
      <UniqueIdentifier>{2927dd8c-012a-42aa-803d-1c08730cd0f6}</UniqueIdentifier>
    </Filter>
    <Filter Include="ソース ファイル\Object\Billboard">
      <UniqueIdentifier>{2631b167-a6a7-4c07-90c0-d178a4b8d644}</UniqueIdentifier>
    </Filter>
    <Filter Include="ソース ファイル\Physics\Collision">
      <UniqueIdentifier>{2a8abb31-e654-44f9-937b-9478c8b14282}</UniqueIdentifier>
    </Filter>
    <Filter Include="ソース ファイル\Resource\Model">
      <UniqueIdentifier>{698daa36-9997-4814-9972-e8902a932fd2}</UniqueIdentifier>
    </Filter>
    <Filter Include="ソース ファイル\Resource\Texture">
      <UniqueIdentifier>{dae46159-fcd3-419b-8cf4-5587acd4def0}</UniqueIdentifier>
    </Filter>
    <Filter Include="ソース ファイル\Transition\Game">
      <UniqueIdentifier>{6b495392-c758-4fd1-b513-aace9c813139}</UniqueIdentifier>
    </Filter>
  </ItemGroup>
  <ItemGroup>
    <ClCompile Include="Code\3D\Camera\cCamera.cpp">
      <Filter>ソース ファイル\3D\Camera</Filter>
    </ClCompile>
    <ClCompile Include="Code\3D\Light\cLight.cpp">
      <Filter>ソース ファイル\3D\Light</Filter>
    </ClCompile>
    <ClCompile Include="Code\Core\DebugProc\cDebugproc.cpp">
      <Filter>ソース ファイル\Core\DebugProc</Filter>
    </ClCompile>
    <ClCompile Include="Code\Core\File\file.cpp">
      <Filter>ソース ファイル\Core\File</Filter>
    </ClCompile>
    <ClCompile Include="Code\Core\Input\input.cpp">
      <Filter>ソース ファイル\Core\Input</Filter>
    </ClCompile>
    <ClCompile Include="Code\Core\Main\main.cpp">
      <Filter>ソース ファイル\Core\Main</Filter>
    </ClCompile>
    <ClCompile Include="Code\Core\Sound\sound.cpp">
      <Filter>ソース ファイル\Core\Sound</Filter>
    </ClCompile>
    <ClCompile Include="Code\Object\Billboard\billboard.cpp">
      <Filter>ソース ファイル\Object\Billboard</Filter>
    </ClCompile>
    <ClCompile Include="Code\Physics\Collision\collision.cpp">
      <Filter>ソース ファイル\Physics\Collision</Filter>
    </ClCompile>
    <ClCompile Include="Code\Resource\Model\cModel.cpp">
      <Filter>ソース ファイル\Resource\Model</Filter>
    </ClCompile>
    <ClCompile Include="Code\Resource\Texture\cTexture.cpp">
      <Filter>ソース ファイル\Resource\Texture</Filter>
    </ClCompile>
    <ClCompile Include="Code\Transition\Game\game.cpp">
      <Filter>ソース ファイル\Transition\Game</Filter>
    </ClCompile>
  </ItemGroup>
  <ItemGroup>
    <ClInclude Include="Code\3D\Camera\cCamera.h">
      <Filter>ソース ファイル\3D\Camera</Filter>
    </ClInclude>
    <ClInclude Include="Code\3D\Light\cLight.h">
      <Filter>ソース ファイル\3D\Light</Filter>
    </ClInclude>
    <ClInclude Include="Code\Core\DebugProc\cDebugproc.h">
      <Filter>ソース ファイル\Core\DebugProc</Filter>
    </ClInclude>
    <ClInclude Include="Code\Core\File\file.h">
      <Filter>ソース ファイル\Core\File</Filter>
    </ClInclude>
    <ClInclude Include="Code\Core\Input\input.h">
      <Filter>ソース ファイル\Core\Input</Filter>
    </ClInclude>
    <ClInclude Include="Code\Core\Main\main.h">
      <Filter>ソース ファイル\Core\Main</Filter>
    </ClInclude>
    <ClInclude Include="Code\Core\Sound\sound.h">
      <Filter>ソース ファイル\Core\Sound</Filter>
    </ClInclude>
    <ClInclude Include="Code\Object\Billboard\billboard.h">
      <Filter>ソース ファイル\Object\Billboard</Filter>
    </ClInclude>
    <ClInclude Include="Code\Physics\Collision\collision.h">
      <Filter>ソース ファイル\Physics\Collision</Filter>
    </ClInclude>
    <ClInclude Include="Code\Resource\Model\cModel.h">
      <Filter>ソース ファイル\Resource\Model</Filter>
    </ClInclude>
    <ClInclude Include="Code\Resource\Texture\cTexture.h">
      <Filter>ソース ファイル\Resource\Texture</Filter>
    </ClInclude>
    <ClInclude Include="Code\Transition\Game\game.h">
      <Filter>ソース ファイル\Transition\Game</Filter>
    </ClInclude>
  </ItemGroup>
</Project>