<?xml version="1.0" encoding="utf-8"?>
<Project ToolsVersion="4.0" xmlns="http://schemas.microsoft.com/developer/msbuild/2003">
  <ItemGroup>
    <Filter Include="ソース ファイル">
      <UniqueIdentifier>{4FC737F1-C7A5-4376-A066-2A32D752A2FF}</UniqueIdentifier>
      <Extensions>cpp;c;cc;cxx;def;odl;idl;hpj;bat;asm;asmx</Extensions>
    </Filter>
    <Filter Include="ヘッダー ファイル">
      <UniqueIdentifier>{93995380-89BD-4b04-88EB-625FBE52EBFB}</UniqueIdentifier>
      <Extensions>h;hh;hpp;hxx;hm;inl;inc;xsd</Extensions>
    </Filter>
    <Filter Include="リソース ファイル">
      <UniqueIdentifier>{67DA6AB6-F800-4c08-8B7A-83BB121AAD01}</UniqueIdentifier>
      <Extensions>rc;ico;cur;bmp;dlg;rc2;rct;bin;rgs;gif;jpg;jpeg;jpe;resx;tiff;tif;png;wav;mfcribbon-ms</Extensions>
    </Filter>
    <Filter Include="ソース ファイル\lib">
      <UniqueIdentifier>{827d3c22-f064-44fa-9171-f8e7999af899}</UniqueIdentifier>
    </Filter>
    <Filter Include="ソース ファイル\ImGUI">
      <UniqueIdentifier>{d1f1f5ea-7434-48d6-8b00-e88fbdcf8555}</UniqueIdentifier>
    </Filter>
    <Filter Include="ソース ファイル\lib\Core">
      <UniqueIdentifier>{652e1f8d-4c28-47a4-9dff-bd37ed984d45}</UniqueIdentifier>
    </Filter>
    <Filter Include="ソース ファイル\lib\Core\Main">
      <UniqueIdentifier>{bb6a65ed-0425-442d-85b4-945b829ba867}</UniqueIdentifier>
    </Filter>
    <Filter Include="ソース ファイル\lib\3D">
      <UniqueIdentifier>{9433c6f1-8268-4406-9a36-c69d6f57764d}</UniqueIdentifier>
    </Filter>
    <Filter Include="ソース ファイル\lib\3D\Model">
      <UniqueIdentifier>{92abf25f-bdee-4f3d-91ed-0af309b3833d}</UniqueIdentifier>
    </Filter>
    <Filter Include="ソース ファイル\lib\Core\File">
      <UniqueIdentifier>{8b5b07ef-b2b9-476e-8c96-e7471f9248c3}</UniqueIdentifier>
    </Filter>
  </ItemGroup>
  <ItemGroup>
    <ClCompile Include="Code\ImGUI\imgui_demo.cpp">
      <Filter>ソース ファイル\ImGUI</Filter>
    </ClCompile>
    <ClCompile Include="Code\ImGUI\imgui_draw.cpp">
      <Filter>ソース ファイル\ImGUI</Filter>
    </ClCompile>
    <ClCompile Include="Code\ImGUI\imgui_impl_dx9.cpp">
      <Filter>ソース ファイル\ImGUI</Filter>
    </ClCompile>
    <ClCompile Include="Code\ImGUI\imgui_impl_win32.cpp">
      <Filter>ソース ファイル\ImGUI</Filter>
    </ClCompile>
    <ClCompile Include="Code\ImGUI\imgui_tables.cpp">
      <Filter>ソース ファイル\ImGUI</Filter>
    </ClCompile>
    <ClCompile Include="Code\ImGUI\imgui_widgets.cpp">
      <Filter>ソース ファイル\ImGUI</Filter>
    </ClCompile>
    <ClCompile Include="Code\ImGUI\imgui.cpp">
      <Filter>ソース ファイル\ImGUI</Filter>
    </ClCompile>
    <ClCompile Include="Code\Core\Main\main.cpp">
      <Filter>ソース ファイル\lib\Core\Main</Filter>
    </ClCompile>
    <ClCompile Include="Code\Core\File\file.cpp">
      <Filter>ソース ファイル\lib\Core\File</Filter>
    </ClCompile>
    <ClCompile Include="Code\Resource\Model\Model.cpp">
      <Filter>ソース ファイル\lib\3D\Model</Filter>
    </ClCompile>
  </ItemGroup>
  <ItemGroup>
    <ClInclude Include="Code\ImGUI\imgui.h">
      <Filter>ソース ファイル\ImGUI</Filter>
    </ClInclude>
    <ClInclude Include="Code\ImGUI\imgui_impl_dx9.h">
      <Filter>ソース ファイル\ImGUI</Filter>
    </ClInclude>
    <ClInclude Include="Code\ImGUI\imgui_impl_win32.h">
      <Filter>ソース ファイル\ImGUI</Filter>
    </ClInclude>
    <ClInclude Include="Code\ImGUI\imgui_internal.h">
      <Filter>ソース ファイル\ImGUI</Filter>
    </ClInclude>
    <ClInclude Include="Code\ImGUI\imstb_rectpack.h">
      <Filter>ソース ファイル\ImGUI</Filter>
    </ClInclude>
    <ClInclude Include="Code\ImGUI\imstb_textedit.h">
      <Filter>ソース ファイル\ImGUI</Filter>
    </ClInclude>
    <ClInclude Include="Code\ImGUI\imstb_truetype.h">
      <Filter>ソース ファイル\ImGUI</Filter>
    </ClInclude>
    <ClInclude Include="Code\ImGUI\imconfig.h">
      <Filter>ソース ファイル\ImGUI</Filter>
    </ClInclude>
    <ClInclude Include="Code\Core\Main\main.h">
      <Filter>ソース ファイル\lib\Core\Main</Filter>
    </ClInclude>
    <ClInclude Include="Code\Core\File\file.h">
      <Filter>ソース ファイル\lib\Core\File</Filter>
    </ClInclude>
    <ClInclude Include="Code\Resource\Model\Model.h">
      <Filter>ソース ファイル\lib\3D\Model</Filter>
    </ClInclude>
  </ItemGroup>
</Project>